NeoBundleLock Dockerfile.vim ff79ae2dfa06ead24c0a32af269c9038acde144c
NeoBundleLock MatchTagAlways e59a8d1315343ff76802f0a44ff8b59e999d83f4
NeoBundleLock SimpylFold 0dcebe564c427c3c862c15eddbd6ca82e5d0113e
NeoBundleLock SyntaxRange 74894260c0d1c281b5141df492495aa9c43fd620
NeoBundleLock YouCompleteMe f44435b88ec98156d17869aa67ad15f38cfecbf3
NeoBundleLock ag.vim 994c27dd8f237573208548e7480e39b24ccbbfba
NeoBundleLock angular-vim-snippets 1503f6b4c82e5cb0d10633c18f0761c516859edb
NeoBundleLock autobahn 0a06f6a8f2f19019e1bc2ed02b72b29f6c2b5abd
NeoBundleLock ctrlp.vim a86688cdc843a62485b9e413a78aea77e32a8137
NeoBundleLock delimitMate 8bc47fd1c40cdad9ea1f36c0cf13592c70ea65e9
NeoBundleLock editorconfig-vim ef035f51af3adb429aedb0f82f27fdd523f6bb35
NeoBundleLock emmet-vim 0ccaa29dbde268888be21705b0de5de89b59ef48
NeoBundleLock es.next.syntax.vim edd51d814ef6e3a13f4b59ca1bd0c761340ca927
NeoBundleLock github-issues.vim 753f76cc90e5f551a0135d021041e65f27ba6321
NeoBundleLock indentLine 9cb94e17354d98d6fb4f59b243144d4d34d0b654
NeoBundleLock jsdoc-syntax.vim 869802f47bf4912d3612bd214c879f861190886e
NeoBundleLock neobundle.vim 6e696b19d8ff36bf754f901a6b7e42671e06b7a8
NeoBundleLock neomake efed015f59001b2cf28e95bff24e87ff5764a62b
NeoBundleLock neosnippet-snippets 51c24c21d099a3a2c723632d192865ac76eacdde
NeoBundleLock neosnippet.vim bcb7620a852a542d0940a2ff691deb9da9309f07
NeoBundleLock nerdtree 4ebbb533c3faf2c480211db2b547972bb3b60f2b
NeoBundleLock nerdtree-git-plugin 2cc01be4e4246cfed534833c64624386d69a9ae3
NeoBundleLock switch.vim 371d6812d8d072d99f8191e0d49f0ab70475eaf5
NeoBundleLock tcomment_vim 7fd7d1da62ae648cf0dc8908c450660bfa1b13b2
NeoBundleLock typescript-vim fa1efac6ce022fc307836d34828c6aff43481233
NeoBundleLock unite-codesearch 85a1a2916106fa9c5485b878f0505a7b9c15fa9f
NeoBundleLock unite-colorscheme 3aa33866a183f7659594a3f6b66b2334eaebc6a0
NeoBundleLock unite-outline 1d32a29d7069cb88d85cf4988cc35c8f18ec5543
NeoBundleLock unite.vim c9d2ced6b993653a7ebbc572039f8d03ba2b997f
NeoBundleLock vim-airline 410429a95c67eed8eeb26681838d3766a2437806
NeoBundleLock vim-airline-themes 13bad30d4ee3892cae755c83433ee85fbc96d028
NeoBundleLock vim-autoformat 978e4ece4f342e06a5410676a28a78f164e6d0e2
NeoBundleLock vim-better-javascript-completion da420c9dbaa107de4e3e12f2d7dbee1279251eb2
NeoBundleLock vim-coffee-script 32fe889b8cafd3a4921ef8e6485156453ff58c42
NeoBundleLock vim-colors-codinginstinct 3120fffd6ba44d11110e6099a32c18aea3f12155
NeoBundleLock vim-css-color 81ce9558b0f5c8f0b015042415566f02360c67d0
NeoBundleLock vim-css3-syntax 3993c90e1dba47975feaf726459cf19aaf2155f4
NeoBundleLock vim-devicons f8841e2bd46e9fed95c0389190e3ef1b6ba77440
NeoBundleLock vim-endwise 0067ceda37725d01b7bd5bf249d63b1b5d4e2ab4
NeoBundleLock vim-fugitive 19d1c944dbf59f252135688018610a12ce5718b4
NeoBundleLock vim-go 86bb44e8c0b03b73995c682c316f81c8a8c8e7cd
NeoBundleLock vim-instant-markdown 915c6812d45c00e5ad85c8147c6179743a41ae11
NeoBundleLock vim-json f5e3181d0b33a9c51377bb7ea8492feddca8b503
NeoBundleLock vim-less 6fae407f7ed666a6dd0fb596e67df8787dccca59
NeoBundleLock vim-markdown 4260faa48f5b89261f1168d4a1ad195106f5959c
NeoBundleLock vim-multiple-cursors 47c9e3fb11a202a9a2fa1d591ec990a41e4221c4
NeoBundleLock vim-repeat 7a6675f092842c8f81e71d5345bd7cdbf3759415
NeoBundleLock vim-ruby 666adb5bcdfb2d21572a58fcdf7545a26bac32a0
NeoBundleLock vim-signify a02c8793bfda7ddd386587c64246bec6aa78ff62
NeoBundleLock vim-slim 0daaa8581f9a9968cebbc7d14ae9acf1625c0389
NeoBundleLock vim-snippets b66ede5e0f7e5d5c637904e4a0f3241c75c6705b
NeoBundleLock vim-surround 2d05440ad23f97a7874ebd9b5de3a0e65d25d85c
NeoBundleLock vim-system-copy a30524a9fc3e79ae9982b5e93888ee4bc0c1f4db
NeoBundleLock vim-table-mode 2ab64777a5b81e240810999eb6e7dc65e1de5461
NeoBundleLock vim-textobj-anyblock dbaa8b594e4d2c70b49b9cf863697b308d8c3b9e
NeoBundleLock vim-textobj-user a3054162c09bcf732624f43ddacbd85dad09713b
NeoBundleLock vim-tmux 876f0bd2a7296c985fc9e68e23495621c1c554e1
NeoBundleLock vim-tmux-focus-events eccc2f54cd6f006840c20cc017ef79c4eb431cd9
NeoBundleLock vim-tmux-navigator 1298b71c420f1d0abceba3f35cc710131f84d73b
NeoBundleLock vim-toml f6f79f3cc6740dfacca73a195857cbc45e778912
NeoBundleLock vimagit cc4fbafc06c77f80a7bde06976b5ef619e6c480e
NeoBundleLock vimfiler.vim 95d40001555f1a8b753ec34a864fb4e1f6ebafd8
NeoBundleLock vimproc.vim 3ab0a236e65b277670266c1187da9a49064c1500
NeoBundleLock yajs.vim 4301cbc0687b70ca5ceeeebf56ad373cc0d7852f
NeoBundleLock yats.vim 8314fe7970073da075439b30c10464287e19bfdc
